{
  "version": 4,
  "terraform_version": "1.2.3",
  "serial": 1,
  "lineage": "0141215e-d7ab-b9bd-4006-1ceff458cece",
  "outputs": {},
  "resources": [
    {
      "mode": "managed",
      "type": "github_repository",
      "name": "example",
      "provider": "provider[\"registry.terraform.io/integrations/github\"]",
      "instances": [
        {
          "schema_version": 0,
          "attributes": {
            "allow_merge_commit": true,
            "allow_rebase_merge": true,
            "allow_squash_merge": true,
            "archive_on_destroy": null,
            "archived": false,
            "auto_init": null,
            "default_branch": "main",
            "delete_branch_on_merge": false,
            "description": "",
            "etag": "W/\"de3c9dfb599af78554b41bd1e486976926a0c64d7fa6648b5eb8939a6179d7ce\"",
            "full_name": "cjniemi/terraform-repo",
            "git_clone_url": "git://github.com/cjniemi/terraform-repo.git",
            "gitignore_template": null,
            "has_downloads": false,
            "has_issues": false,
            "has_projects": false,
            "has_wiki": false,
            "homepage_url": "",
            "html_url": "https://github.com/cjniemi/terraform-repo",
            "http_clone_url": "https://github.com/cjniemi/terraform-repo.git",
            "id": "terraform-repo",
            "is_template": false,
            "license_template": null,
            "name": "terraform-repo",
            "node_id": "R_kgDOHne-dg",
            "pages": [],
            "private": true,
            "repo_id": 511164022,
            "ssh_clone_url": "git@github.com:cjniemi/terraform-repo.git",
            "svn_url": "https://github.com/cjniemi/terraform-repo",
            "template": [],
            "topics": null,
            "visibility": "private",
            "vulnerability_alerts": false
          },
          "sensitive_attributes": [],
          "private": "bnVsbA=="
        }
      ]
    }
  ]
}
